
Microsoft Visual Studio Solution File, Format Version 12.00
# Visual Studio Version 17
VisualStudioVersion = 17.10.35027.167
MinimumVisualStudioVersion = 10.0.40219.1
Project("{FAE04EC0-301F-11D3-BF4B-00C04F79EFBC}") = "pjGestionEmpleados", "pjGestionEmpleados\pjGestionEmpleados.csproj", "{081F1DE2-2E23-469F-8764-278B23A1F828}"
EndProject
Global
	GlobalSection(SolutionConfigurationPlatforms) = preSolution
		Debug|Any CPU = Debug|Any CPU
		Release|Any CPU = Release|Any CPU
	EndGlobalSection
	GlobalSection(ProjectConfigurationPlatforms) = postSolution
		{081F1DE2-2E23-469F-8764-278B23A1F828}.Debug|Any CPU.ActiveCfg = Debug|Any CPU
		{081F1DE2-2E23-469F-8764-278B23A1F828}.Debug|Any CPU.Build.0 = Debug|Any CPU
		{081F1DE2-2E23-469F-8764-278B23A1F828}.Release|Any CPU.ActiveCfg = Release|Any CPU
		{081F1DE2-2E23-469F-8764-278B23A1F828}.Release|Any CPU.Build.0 = Release|Any CPU
	EndGlobalSection
	GlobalSection(SolutionProperties) = preSolution
		HideSolutionNode = FALSE
	EndGlobalSection
	GlobalSection(ExtensibilityGlobals) = postSolution
		SolutionGuid = {E5084FC2-6F00-427C-A4BB-BF2FB56BC88D}
	EndGlobalSection
EndGlobal
