
Microsoft Visual Studio Solution File, Format Version 12.00
# Visual Studio Version 17
VisualStudioVersion = 17.10.35027.167
MinimumVisualStudioVersion = 10.0.40219.1
Project("{FAE04EC0-301F-11D3-BF4B-00C04F79EFBC}") = "Vista", "Vista\Vista.csproj", "{C377B2D3-AC6F-4ED7-9ABA-A6D889036A88}"
EndProject
Project("{FAE04EC0-301F-11D3-BF4B-00C04F79EFBC}") = "Modelo", "Modelo\Modelo.csproj", "{26FFE000-4765-46F0-9964-B26BBDF8344F}"
EndProject
Project("{FAE04EC0-301F-11D3-BF4B-00C04F79EFBC}") = "Controlador", "Controlador\Controlador.csproj", "{134D6236-5620-4043-8DF9-D9CFC81D98BC}"
EndProject
Project("{FAE04EC0-301F-11D3-BF4B-00C04F79EFBC}") = "DAO", "DAO\DAO\DAO.csproj", "{8F2670CF-0C80-46B4-9FA4-364D34AC1929}"
EndProject
Project("{9A19103F-16F7-4668-BE54-9A1E7A4F7556}") = "Web", "Web\Web.csproj", "{3D31FE4A-F913-437B-9E5B-12FBC2B2A66D}"
EndProject
Global
	GlobalSection(SolutionConfigurationPlatforms) = preSolution
		Debug|Any CPU = Debug|Any CPU
		Release|Any CPU = Release|Any CPU
	EndGlobalSection
	GlobalSection(ProjectConfigurationPlatforms) = postSolution
		{C377B2D3-AC6F-4ED7-9ABA-A6D889036A88}.Debug|Any CPU.ActiveCfg = Debug|Any CPU
		{C377B2D3-AC6F-4ED7-9ABA-A6D889036A88}.Debug|Any CPU.Build.0 = Debug|Any CPU
		{C377B2D3-AC6F-4ED7-9ABA-A6D889036A88}.Release|Any CPU.ActiveCfg = Release|Any CPU
		{C377B2D3-AC6F-4ED7-9ABA-A6D889036A88}.Release|Any CPU.Build.0 = Release|Any CPU
		{26FFE000-4765-46F0-9964-B26BBDF8344F}.Debug|Any CPU.ActiveCfg = Debug|Any CPU
		{26FFE000-4765-46F0-9964-B26BBDF8344F}.Debug|Any CPU.Build.0 = Debug|Any CPU
		{26FFE000-4765-46F0-9964-B26BBDF8344F}.Release|Any CPU.ActiveCfg = Release|Any CPU
		{26FFE000-4765-46F0-9964-B26BBDF8344F}.Release|Any CPU.Build.0 = Release|Any CPU
		{134D6236-5620-4043-8DF9-D9CFC81D98BC}.Debug|Any CPU.ActiveCfg = Debug|Any CPU
		{134D6236-5620-4043-8DF9-D9CFC81D98BC}.Debug|Any CPU.Build.0 = Debug|Any CPU
		{134D6236-5620-4043-8DF9-D9CFC81D98BC}.Release|Any CPU.ActiveCfg = Release|Any CPU
		{134D6236-5620-4043-8DF9-D9CFC81D98BC}.Release|Any CPU.Build.0 = Release|Any CPU
		{8F2670CF-0C80-46B4-9FA4-364D34AC1929}.Debug|Any CPU.ActiveCfg = Debug|Any CPU
		{8F2670CF-0C80-46B4-9FA4-364D34AC1929}.Debug|Any CPU.Build.0 = Debug|Any CPU
		{8F2670CF-0C80-46B4-9FA4-364D34AC1929}.Release|Any CPU.ActiveCfg = Release|Any CPU
		{8F2670CF-0C80-46B4-9FA4-364D34AC1929}.Release|Any CPU.Build.0 = Release|Any CPU
		{3D31FE4A-F913-437B-9E5B-12FBC2B2A66D}.Debug|Any CPU.ActiveCfg = Debug|Any CPU
		{3D31FE4A-F913-437B-9E5B-12FBC2B2A66D}.Debug|Any CPU.Build.0 = Debug|Any CPU
		{3D31FE4A-F913-437B-9E5B-12FBC2B2A66D}.Release|Any CPU.ActiveCfg = Release|Any CPU
		{3D31FE4A-F913-437B-9E5B-12FBC2B2A66D}.Release|Any CPU.Build.0 = Release|Any CPU
	EndGlobalSection
	GlobalSection(SolutionProperties) = preSolution
		HideSolutionNode = FALSE
	EndGlobalSection
	GlobalSection(ExtensibilityGlobals) = postSolution
		SolutionGuid = {65D0F525-18A9-484B-B6D1-5FF2DAE6493A}
	EndGlobalSection
EndGlobal
