
Microsoft Visual Studio Solution File, Format Version 12.00
# Visual Studio Version 17
VisualStudioVersion = 17.14.36811.4 d17.14
MinimumVisualStudioVersion = 10.0.40219.1
Project("{FAE04EC0-301F-11D3-BF4B-00C04F79EFBC}") = "MindFit_Intelligence_Backend", "MindFit_Intelligence_Backend\MindFit_Intelligence_Backend.csproj", "{BB6144C5-28D0-4296-9D0F-2EF61FACA755}"
EndProject
Global
	GlobalSection(SolutionConfigurationPlatforms) = preSolution
		Debug|Any CPU = Debug|Any CPU
		Release|Any CPU = Release|Any CPU
	EndGlobalSection
	GlobalSection(ProjectConfigurationPlatforms) = postSolution
		{BB6144C5-28D0-4296-9D0F-2EF61FACA755}.Debug|Any CPU.ActiveCfg = Debug|Any CPU
		{BB6144C5-28D0-4296-9D0F-2EF61FACA755}.Debug|Any CPU.Build.0 = Debug|Any CPU
		{BB6144C5-28D0-4296-9D0F-2EF61FACA755}.Release|Any CPU.ActiveCfg = Release|Any CPU
		{BB6144C5-28D0-4296-9D0F-2EF61FACA755}.Release|Any CPU.Build.0 = Release|Any CPU
	EndGlobalSection
	GlobalSection(SolutionProperties) = preSolution
		HideSolutionNode = FALSE
	EndGlobalSection
	GlobalSection(ExtensibilityGlobals) = postSolution
		SolutionGuid = {6D90819C-1A3F-4CD3-ABA6-86131F48E4A2}
	EndGlobalSection
EndGlobal
