
Microsoft Visual Studio Solution File, Format Version 12.00
# Visual Studio Version 17
VisualStudioVersion = 17.10.35027.167
MinimumVisualStudioVersion = 10.0.40219.1
Project("{FAE04EC0-301F-11D3-BF4B-00C04F79EFBC}") = "LINQ", "LINQ\LINQ.csproj", "{510CFCC5-8D2D-4584-A86C-C71C08A13C4E}"
EndProject
Global
	GlobalSection(SolutionConfigurationPlatforms) = preSolution
		Debug|Any CPU = Debug|Any CPU
		Release|Any CPU = Release|Any CPU
	EndGlobalSection
	GlobalSection(ProjectConfigurationPlatforms) = postSolution
		{510CFCC5-8D2D-4584-A86C-C71C08A13C4E}.Debug|Any CPU.ActiveCfg = Debug|Any CPU
		{510CFCC5-8D2D-4584-A86C-C71C08A13C4E}.Debug|Any CPU.Build.0 = Debug|Any CPU
		{510CFCC5-8D2D-4584-A86C-C71C08A13C4E}.Release|Any CPU.ActiveCfg = Release|Any CPU
		{510CFCC5-8D2D-4584-A86C-C71C08A13C4E}.Release|Any CPU.Build.0 = Release|Any CPU
	EndGlobalSection
	GlobalSection(SolutionProperties) = preSolution
		HideSolutionNode = FALSE
	EndGlobalSection
	GlobalSection(ExtensibilityGlobals) = postSolution
		SolutionGuid = {9A598C32-5BC4-4CC0-B41F-0C28DB44E1A4}
	EndGlobalSection
EndGlobal
