
Microsoft Visual Studio Solution File, Format Version 12.00
# Visual Studio Version 17
VisualStudioVersion = 17.8.34205.153
MinimumVisualStudioVersion = 10.0.40219.1
Project("{FAE04EC0-301F-11D3-BF4B-00C04F79EFBC}") = "Backend", "Backend\Backend.csproj", "{81C68E2E-C0EB-4630-9E6D-C52055BA478D}"
EndProject
Global
	GlobalSection(SolutionConfigurationPlatforms) = preSolution
		Debug|Any CPU = Debug|Any CPU
		Release|Any CPU = Release|Any CPU
	EndGlobalSection
	GlobalSection(ProjectConfigurationPlatforms) = postSolution
		{81C68E2E-C0EB-4630-9E6D-C52055BA478D}.Debug|Any CPU.ActiveCfg = Debug|Any CPU
		{81C68E2E-C0EB-4630-9E6D-C52055BA478D}.Debug|Any CPU.Build.0 = Debug|Any CPU
		{81C68E2E-C0EB-4630-9E6D-C52055BA478D}.Release|Any CPU.ActiveCfg = Release|Any CPU
		{81C68E2E-C0EB-4630-9E6D-C52055BA478D}.Release|Any CPU.Build.0 = Release|Any CPU
	EndGlobalSection
	GlobalSection(SolutionProperties) = preSolution
		HideSolutionNode = FALSE
	EndGlobalSection
	GlobalSection(ExtensibilityGlobals) = postSolution
		SolutionGuid = {8C324105-E551-41FC-8CE8-B62F89A5F962}
	EndGlobalSection
EndGlobal
