
Microsoft Visual Studio Solution File, Format Version 12.00
# Visual Studio Version 17
VisualStudioVersion = 17.10.35027.167
MinimumVisualStudioVersion = 10.0.40219.1
Project("{FAE04EC0-301F-11D3-BF4B-00C04F79EFBC}") = "DibujarTriangulo", "DibujarTriangulo.csproj", "{8C1CAC55-13FA-4DB6-9622-766CC67180BA}"
EndProject
Global
	GlobalSection(SolutionConfigurationPlatforms) = preSolution
		Debug|Any CPU = Debug|Any CPU
		Release|Any CPU = Release|Any CPU
	EndGlobalSection
	GlobalSection(ProjectConfigurationPlatforms) = postSolution
		{8C1CAC55-13FA-4DB6-9622-766CC67180BA}.Debug|Any CPU.ActiveCfg = Debug|Any CPU
		{8C1CAC55-13FA-4DB6-9622-766CC67180BA}.Debug|Any CPU.Build.0 = Debug|Any CPU
		{8C1CAC55-13FA-4DB6-9622-766CC67180BA}.Release|Any CPU.ActiveCfg = Release|Any CPU
		{8C1CAC55-13FA-4DB6-9622-766CC67180BA}.Release|Any CPU.Build.0 = Release|Any CPU
	EndGlobalSection
	GlobalSection(SolutionProperties) = preSolution
		HideSolutionNode = FALSE
	EndGlobalSection
	GlobalSection(ExtensibilityGlobals) = postSolution
		SolutionGuid = {F7A1D00C-EB09-4D95-BB9D-7E1433A8C9D6}
	EndGlobalSection
EndGlobal
