
Microsoft Visual Studio Solution File, Format Version 12.00
# Visual Studio Version 17
VisualStudioVersion = 17.10.35027.167
MinimumVisualStudioVersion = 10.0.40219.1
Project("{9A19103F-16F7-4668-BE54-9A1E7A4F7556}") = "PrimeraApp", "PrimeraApp.csproj", "{F34124F7-D480-4B94-A241-790FBD07F90C}"
EndProject
Global
	GlobalSection(SolutionConfigurationPlatforms) = preSolution
		Debug|Any CPU = Debug|Any CPU
		Release|Any CPU = Release|Any CPU
	EndGlobalSection
	GlobalSection(ProjectConfigurationPlatforms) = postSolution
		{F34124F7-D480-4B94-A241-790FBD07F90C}.Debug|Any CPU.ActiveCfg = Debug|Any CPU
		{F34124F7-D480-4B94-A241-790FBD07F90C}.Debug|Any CPU.Build.0 = Debug|Any CPU
		{F34124F7-D480-4B94-A241-790FBD07F90C}.Release|Any CPU.ActiveCfg = Release|Any CPU
		{F34124F7-D480-4B94-A241-790FBD07F90C}.Release|Any CPU.Build.0 = Release|Any CPU
	EndGlobalSection
	GlobalSection(SolutionProperties) = preSolution
		HideSolutionNode = FALSE
	EndGlobalSection
	GlobalSection(ExtensibilityGlobals) = postSolution
		SolutionGuid = {3657A099-0131-4FD9-9C18-D096F36D21EB}
	EndGlobalSection
EndGlobal
